
Microsoft Visual Studio Solution File, Format Version 12.00
# Visual Studio Version 17
VisualStudioVersion = 17.10.34902.84
MinimumVisualStudioVersion = 10.0.40219.1
Project("{FAE04EC0-301F-11D3-BF4B-00C04F79EFBC}") = "WeatherCollector_TimelapseCreator", "WeatherCollector_TimelapseCreator\WeatherCollector_TimelapseCreator.csproj", "{683E71E3-8322-4737-B0AD-635272083B71}"
EndProject
Project("{2150E333-8FDC-42A3-9474-1A3956D46DE8}") = "Solution Items", "Solution Items", "{24733EE2-1459-42F4-960D-BB63717EDB19}"
	ProjectSection(SolutionItems) = preProject
		.editorconfig = .editorconfig
	EndProjectSection
EndProject
Global
	GlobalSection(SolutionConfigurationPlatforms) = preSolution
		Debug|ARM64 = Debug|ARM64
		Debug|x64 = Debug|x64
		Debug|x86 = Debug|x86
		Release|ARM64 = Release|ARM64
		Release|x64 = Release|x64
		Release|x86 = Release|x86
	EndGlobalSection
	GlobalSection(ProjectConfigurationPlatforms) = postSolution
		{683E71E3-8322-4737-B0AD-635272083B71}.Debug|ARM64.ActiveCfg = Debug|ARM64
		{683E71E3-8322-4737-B0AD-635272083B71}.Debug|ARM64.Build.0 = Debug|ARM64
		{683E71E3-8322-4737-B0AD-635272083B71}.Debug|ARM64.Deploy.0 = Debug|ARM64
		{683E71E3-8322-4737-B0AD-635272083B71}.Debug|x64.ActiveCfg = Debug|x64
		{683E71E3-8322-4737-B0AD-635272083B71}.Debug|x64.Build.0 = Debug|x64
		{683E71E3-8322-4737-B0AD-635272083B71}.Debug|x64.Deploy.0 = Debug|x64
		{683E71E3-8322-4737-B0AD-635272083B71}.Debug|x86.ActiveCfg = Debug|x86
		{683E71E3-8322-4737-B0AD-635272083B71}.Debug|x86.Build.0 = Debug|x86
		{683E71E3-8322-4737-B0AD-635272083B71}.Debug|x86.Deploy.0 = Debug|x86
		{683E71E3-8322-4737-B0AD-635272083B71}.Release|ARM64.ActiveCfg = Release|ARM64
		{683E71E3-8322-4737-B0AD-635272083B71}.Release|ARM64.Build.0 = Release|ARM64
		{683E71E3-8322-4737-B0AD-635272083B71}.Release|ARM64.Deploy.0 = Release|ARM64
		{683E71E3-8322-4737-B0AD-635272083B71}.Release|x64.ActiveCfg = Release|x64
		{683E71E3-8322-4737-B0AD-635272083B71}.Release|x64.Build.0 = Release|x64
		{683E71E3-8322-4737-B0AD-635272083B71}.Release|x64.Deploy.0 = Release|x64
		{683E71E3-8322-4737-B0AD-635272083B71}.Release|x86.ActiveCfg = Release|x86
		{683E71E3-8322-4737-B0AD-635272083B71}.Release|x86.Build.0 = Release|x86
		{683E71E3-8322-4737-B0AD-635272083B71}.Release|x86.Deploy.0 = Release|x86
	EndGlobalSection
	GlobalSection(SolutionProperties) = preSolution
		HideSolutionNode = FALSE
	EndGlobalSection
	GlobalSection(ExtensibilityGlobals) = postSolution
		SolutionGuid = {640ED674-5C99-4E83-8789-73D2E6B58A3B}
	EndGlobalSection
EndGlobal
